
Microsoft Visual Studio Solution File, Format Version 12.00
# Visual Studio Version 17
VisualStudioVersion = 17.5.002.0
MinimumVisualStudioVersion = 10.0.40219.1
Project("{9A19103F-16F7-4668-BE54-9A1E7A4F7556}") = "ContosoPizza", "ContosoPizza.csproj", "{DF6F7F06-E518-44A5-B976-9E1B06F6647D}"
EndProject
Global
	GlobalSection(SolutionConfigurationPlatforms) = preSolution
		Debug|Any CPU = Debug|Any CPU
		Release|Any CPU = Release|Any CPU
	EndGlobalSection
	GlobalSection(ProjectConfigurationPlatforms) = postSolution
		{DF6F7F06-E518-44A5-B976-9E1B06F6647D}.Debug|Any CPU.ActiveCfg = Debug|Any CPU
		{DF6F7F06-E518-44A5-B976-9E1B06F6647D}.Debug|Any CPU.Build.0 = Debug|Any CPU
		{DF6F7F06-E518-44A5-B976-9E1B06F6647D}.Release|Any CPU.ActiveCfg = Release|Any CPU
		{DF6F7F06-E518-44A5-B976-9E1B06F6647D}.Release|Any CPU.Build.0 = Release|Any CPU
	EndGlobalSection
	GlobalSection(SolutionProperties) = preSolution
		HideSolutionNode = FALSE
	EndGlobalSection
	GlobalSection(ExtensibilityGlobals) = postSolution
		SolutionGuid = {0E30A710-1920-4ADA-A6F3-E2F705F56B82}
	EndGlobalSection
EndGlobal
